[root]
name = "air-to-youtube"
version = "0.1.0"
dependencies = [
 "custom_derive 0.1.7 (registry+https://github.com/rust-lang/crates.io-index)",
 "derive_builder 0.2.1 (registry+https://github.com/rust-lang/crates.io-index)",
 "shells 0.2.0 (registry+https://github.com/rust-lang/crates.io-index)",
 "xml-rs 0.3.5 (registry+https://github.com/rust-lang/crates.io-index)",
]

[[package]]
name = "bitflags"
version = "0.7.0"
source = "registry+https://github.com/rust-lang/crates.io-index"

[[package]]
name = "custom_derive"
version = "0.1.7"
source = "registry+https://github.com/rust-lang/crates.io-index"

[[package]]
name = "derive_builder"
version = "0.2.1"
source = "registry+https://github.com/rust-lang/crates.io-index"

[[package]]
name = "shells"
version = "0.2.0"
source = "registry+https://github.com/rust-lang/crates.io-index"

[[package]]
name = "xml-rs"
version = "0.3.5"
source = "registry+https://github.com/rust-lang/crates.io-index"
dependencies = [
 "bitflags 0.7.0 (registry+https://github.com/rust-lang/crates.io-index)",
]

[metadata]
"checksum bitflags 0.7.0 (registry+https://github.com/rust-lang/crates.io-index)" = "aad18937a628ec6abcd26d1489012cc0e18c21798210f491af69ded9b881106d"
"checksum custom_derive 0.1.7 (registry+https://github.com/rust-lang/crates.io-index)" = "ef8ae57c4978a2acd8b869ce6b9ca1dfe817bff704c220209fdef2c0b75a01b9"
"checksum derive_builder 0.2.1 (registry+https://github.com/rust-lang/crates.io-index)" = "0a5d50461cbd995561759d7be255a1392779efd983febfb433405734ea416eec"
"checksum shells 0.2.0 (registry+https://github.com/rust-lang/crates.io-index)" = "5d293d1d5246e244c4ff268aee246f18f42c817bee61f10a951093fdb9518528"
"checksum xml-rs 0.3.5 (registry+https://github.com/rust-lang/crates.io-index)" = "f2b15eed12692bd59d15e98ee7f8dc8408465b992d8ddb4d1672c24865132ec7"
